{
  "nodes": {
    "arc": {
      "inputs": {
        "nixpkgs": [
          "nixpkgs"
        ]
      },
      "locked": {
        "lastModified": 1670561822,
        "narHash": "sha256-cUSp0A6TXEiyK9VHPlw2V5oDy9HL0Z0dftEBxDhnaEk=",
        "owner": "arcnmx",
        "repo": "nixexprs",
        "rev": "97f238277347ec38d60718074b5497ac6caad7ae",
        "type": "github"
      },
      "original": {
        "owner": "arcnmx",
        "repo": "nixexprs",
        "type": "github"
      }
    },
    "home-manager": {
      "inputs": {
        "nixpkgs": [
          "nixpkgs"
        ],
        "utils": "utils"
      },
      "locked": {
        "lastModified": 1670513770,
        "narHash": "sha256-muL74fsbGA8K8WlZSPNWddOiuBnC54kAajncX6nXrh4=",
        "owner": "nix-community",
        "repo": "home-manager",
        "rev": "054d9e3187ca00479e8036dc0e92900a384f30fd",
        "type": "github"
      },
      "original": {
        "owner": "nix-community",
        "repo": "home-manager",
        "type": "github"
      }
    },
    "nix-std": {
      "locked": {
        "lastModified": 1652644856,
        "narHash": "sha256-tRRx4bBFwctWrUhnCNrcRee8Wiol1M7ypQTOPrLLtkc=",
        "owner": "flakelib",
        "repo": "std",
        "rev": "194230d45e99ce84cf25ea8b3ae4774601fc097c",
        "type": "github"
      },
      "original": {
        "owner": "flakelib",
        "ref": "master",
        "repo": "std",
        "type": "github"
      }
    },
    "nixpkgs": {
      "locked": {
        "lastModified": 1670807610,
        "narHash": "sha256-YdA0bdzjBVJ1e0MjnQh5VjMj7Up/4g/wKwgJQvop1h0=",
        "owner": "NixOS",
        "repo": "nixpkgs",
        "rev": "3cf892d8ba2940a6bfa37ac6e46c28f90e62ae37",
        "type": "github"
      },
      "original": {
        "owner": "NixOS",
        "ref": "nixos-unstable-small",
        "repo": "nixpkgs",
        "type": "github"
      }
    },
    "nixpkgs-big": {
      "locked": {
        "lastModified": 1670751203,
        "narHash": "sha256-XdoH1v3shKDGlrwjgrNX/EN8s3c+kQV7xY6cLCE8vcI=",
        "owner": "NixOS",
        "repo": "nixpkgs",
        "rev": "64e0bf055f9d25928c31fb12924e59ff8ce71e60",
        "type": "github"
      },
      "original": {
        "owner": "NixOS",
        "ref": "nixos-unstable",
        "repo": "nixpkgs",
        "type": "github"
      }
    },
    "qemucomm": {
      "flake": false,
      "locked": {
        "lastModified": 1662662287,
        "narHash": "sha256-8vM12brt6VP8MTQdu4jnLDpakpRTiLHbztazI+7SPYk=",
        "owner": "arcnmx",
        "repo": "qemucomm",
        "rev": "c922896daffc9079d05199aa943b12290d61c141",
        "type": "github"
      },
      "original": {
        "owner": "arcnmx",
        "repo": "qemucomm",
        "type": "github"
      }
    },
    "root": {
      "inputs": {
        "arc": "arc",
        "home-manager": "home-manager",
        "nixpkgs": "nixpkgs",
        "nixpkgs-big": "nixpkgs-big",
        "qemucomm": "qemucomm",
        "rust": "rust",
        "std": "std",
        "tf": "tf"
      }
    },
    "rust": {
      "inputs": {
        "nixpkgs": [
          "nixpkgs"
        ]
      },
      "locked": {
        "lastModified": 1670557099,
        "narHash": "sha256-M9DpM3iuBKZTm21i/R8g9BHnxLoQdhUi8OmQypzh8Ao=",
        "owner": "arcnmx",
        "repo": "nixexprs-rust",
        "rev": "3c6e149c2cc0481ff7b152caddcfe60c0a4dcbad",
        "type": "github"
      },
      "original": {
        "owner": "arcnmx",
        "repo": "nixexprs-rust",
        "type": "github"
      }
    },
    "std": {
      "inputs": {
        "nix-std": "nix-std"
      },
      "locked": {
        "lastModified": 1669759267,
        "narHash": "sha256-jBAtT8Hb9XwiW5cBDl2SmOMbRivGoi9H6t78fJUO53g=",
        "owner": "flakelib",
        "repo": "std",
        "rev": "628acb137d798d59d638999da4e1715572f18edb",
        "type": "github"
      },
      "original": {
        "owner": "flakelib",
        "repo": "std",
        "type": "github"
      }
    },
    "tf": {
      "flake": false,
      "locked": {
        "lastModified": 1670125422,
        "narHash": "sha256-7QuCX4vGl58k3jzGkeHEI4aeSbcOKueb4U5RyZHulM8=",
        "owner": "arcnmx",
        "repo": "tf-nix",
        "rev": "210f7e9c46bf8fa8f0b621f6e24adaea5a55e827",
        "type": "github"
      },
      "original": {
        "owner": "arcnmx",
        "repo": "tf-nix",
        "type": "github"
      }
    },
    "utils": {
      "locked": {
        "lastModified": 1667395993,
        "narHash": "sha256-nuEHfE/LcWyuSWnS8t12N1wc105Qtau+/OdUAjtQ0rA=",
        "owner": "numtide",
        "repo": "flake-utils",
        "rev": "5aed5285a952e0b949eb3ba02c12fa4fcfef535f",
        "type": "github"
      },
      "original": {
        "owner": "numtide",
        "repo": "flake-utils",
        "type": "github"
      }
    }
  },
  "root": "root",
  "version": 7
}
