{
  "nodes": {
    "arc": {
      "flake": false,
      "locked": {
        "lastModified": 1666984973,
        "narHash": "sha256-fAGoPpg2VDPqVpccetFel0FkVOVQ6bh7HjzVOintdTk=",
        "owner": "arcnmx",
        "repo": "nixexprs",
        "rev": "0f4e7033be86a1aafa36b98490841ce9c4fde83e",
        "type": "github"
      },
      "original": {
        "owner": "arcnmx",
        "repo": "nixexprs",
        "type": "github"
      }
    },
    "home-manager": {
      "inputs": {
        "nixpkgs": [
          "nixpkgs"
        ],
        "utils": "utils"
      },
      "locked": {
        "lastModified": 1667234164,
        "narHash": "sha256-oPMAvHZBDgamjmIQly5+sw2LtfKwY7qcWZZwKiwKQy8=",
        "owner": "nix-community",
        "repo": "home-manager",
        "rev": "722e8d65d3aba6f527100cc2d1539e4ca04d066f",
        "type": "github"
      },
      "original": {
        "owner": "nix-community",
        "repo": "home-manager",
        "type": "github"
      }
    },
    "nix-std": {
      "locked": {
        "lastModified": 1652644856,
        "narHash": "sha256-tRRx4bBFwctWrUhnCNrcRee8Wiol1M7ypQTOPrLLtkc=",
        "owner": "flakelib",
        "repo": "std",
        "rev": "194230d45e99ce84cf25ea8b3ae4774601fc097c",
        "type": "github"
      },
      "original": {
        "owner": "flakelib",
        "ref": "master",
        "repo": "std",
        "type": "github"
      }
    },
    "nixpkgs": {
      "locked": {
        "lastModified": 1667301035,
        "narHash": "sha256-o8sbiXh7vcIHgpAe/WdU5f7Kq/s3BD0ccyNSVAy7oKk=",
        "owner": "NixOS",
        "repo": "nixpkgs",
        "rev": "adf91a16c0354ba34f27c00c8ed3f4c73f2fd4d5",
        "type": "github"
      },
      "original": {
        "owner": "NixOS",
        "ref": "nixos-unstable-small",
        "repo": "nixpkgs",
        "type": "github"
      }
    },
    "nixpkgs-big": {
      "locked": {
        "lastModified": 1667231093,
        "narHash": "sha256-RERXruzBEBuf0c7OfZeX1hxEKB+PTCUNxWeB6C1jd8Y=",
        "owner": "NixOS",
        "repo": "nixpkgs",
        "rev": "d40fea9aeb8840fea0d377baa4b38e39b9582458",
        "type": "github"
      },
      "original": {
        "owner": "NixOS",
        "ref": "nixos-unstable",
        "repo": "nixpkgs",
        "type": "github"
      }
    },
    "qemucomm": {
      "flake": false,
      "locked": {
        "lastModified": 1662662287,
        "narHash": "sha256-8vM12brt6VP8MTQdu4jnLDpakpRTiLHbztazI+7SPYk=",
        "owner": "arcnmx",
        "repo": "qemucomm",
        "rev": "c922896daffc9079d05199aa943b12290d61c141",
        "type": "github"
      },
      "original": {
        "owner": "arcnmx",
        "repo": "qemucomm",
        "type": "github"
      }
    },
    "root": {
      "inputs": {
        "arc": "arc",
        "home-manager": "home-manager",
        "nixpkgs": "nixpkgs",
        "nixpkgs-big": "nixpkgs-big",
        "qemucomm": "qemucomm",
        "rust": "rust",
        "std": "std",
        "tf": "tf"
      }
    },
    "rust": {
      "flake": false,
      "locked": {
        "lastModified": 1664901317,
        "narHash": "sha256-JqJihWSW4ffNOzik4P3M3Ii5QGxp7FV6nBp5+1NJwwk=",
        "owner": "arcnmx",
        "repo": "nixexprs-rust",
        "rev": "ce24b22de2e516299384e67a176f600798f9f740",
        "type": "github"
      },
      "original": {
        "owner": "arcnmx",
        "repo": "nixexprs-rust",
        "type": "github"
      }
    },
    "std": {
      "inputs": {
        "nix-std": "nix-std"
      },
      "locked": {
        "lastModified": 1660490336,
        "narHash": "sha256-8H3Fs+qcFKOitKlJ8w18wYUeLRa15Wh/A2y+GPkakzo=",
        "owner": "flakelib",
        "repo": "std",
        "rev": "06f979b3aaadb55a88ece01859bf6a76631ee0dc",
        "type": "github"
      },
      "original": {
        "owner": "flakelib",
        "repo": "std",
        "type": "github"
      }
    },
    "tf": {
      "flake": false,
      "locked": {
        "lastModified": 1667403920,
        "narHash": "sha256-SYAud54d5eGi8VnZ4a58teqypaQY/n+WJsObDdRzlEY=",
        "owner": "arcnmx",
        "repo": "tf-nix",
        "rev": "768cc5f75f5f15d8a44fbbbc2e771acfc0573c87",
        "type": "github"
      },
      "original": {
        "owner": "arcnmx",
        "repo": "tf-nix",
        "type": "github"
      }
    },
    "utils": {
      "locked": {
        "lastModified": 1667077288,
        "narHash": "sha256-bdC8sFNDpT0HK74u9fUkpbf1MEzVYJ+ka7NXCdgBoaA=",
        "owner": "numtide",
        "repo": "flake-utils",
        "rev": "6ee9ebb6b1ee695d2cacc4faa053a7b9baa76817",
        "type": "github"
      },
      "original": {
        "owner": "numtide",
        "repo": "flake-utils",
        "type": "github"
      }
    }
  },
  "root": "root",
  "version": 7
}
