{
  "nodes": {
    "arc": {
      "flake": false,
      "locked": {
        "lastModified": 1663610623,
        "narHash": "sha256-Y736DwkSfVkBPBs+gMSrifCqWTJ1EoXGIVvoijnsHjU=",
        "owner": "arcnmx",
        "repo": "nixexprs",
        "rev": "a84cbe6d648397ea4f36ba213a8a705ff99c7f1f",
        "type": "github"
      },
      "original": {
        "owner": "arcnmx",
        "repo": "nixexprs",
        "type": "github"
      }
    },
    "home-manager": {
      "inputs": {
        "nixpkgs": [
          "nixpkgs"
        ],
        "utils": "utils"
      },
      "locked": {
        "lastModified": 1663328500,
        "narHash": "sha256-7n+J/exp8ky4dmk02y5a9R7CGmJvHpzrHMzfEkMtSWA=",
        "owner": "nix-community",
        "repo": "home-manager",
        "rev": "5427f3d1f0ea4357cd4af0bffee7248d640c6ffc",
        "type": "github"
      },
      "original": {
        "owner": "nix-community",
        "repo": "home-manager",
        "type": "github"
      }
    },
    "nix-std": {
      "locked": {
        "lastModified": 1652644856,
        "narHash": "sha256-tRRx4bBFwctWrUhnCNrcRee8Wiol1M7ypQTOPrLLtkc=",
        "owner": "flakelib",
        "repo": "std",
        "rev": "194230d45e99ce84cf25ea8b3ae4774601fc097c",
        "type": "github"
      },
      "original": {
        "owner": "flakelib",
        "ref": "master",
        "repo": "std",
        "type": "github"
      }
    },
    "nixpkgs": {
      "locked": {
        "lastModified": 1663551482,
        "narHash": "sha256-FzXELLczlFzt8+HMsGo1upHl7/0j2z2cWw9NwmtMJcU=",
        "owner": "NixOS",
        "repo": "nixpkgs",
        "rev": "5cd66a72e8698e49b89d5df66365215470eea295",
        "type": "github"
      },
      "original": {
        "owner": "NixOS",
        "ref": "nixos-unstable-small",
        "repo": "nixpkgs",
        "type": "github"
      }
    },
    "nixpkgs-big": {
      "locked": {
        "lastModified": 1663494472,
        "narHash": "sha256-fSowlaoXXWcAM8m9wA6u+eTJJtvruYHMA+Lb/tFi/qM=",
        "owner": "NixOS",
        "repo": "nixpkgs",
        "rev": "f677051b8dc0b5e2a9348941c99eea8c4b0ff28f",
        "type": "github"
      },
      "original": {
        "owner": "NixOS",
        "ref": "nixos-unstable",
        "repo": "nixpkgs",
        "type": "github"
      }
    },
    "qemucomm": {
      "flake": false,
      "locked": {
        "lastModified": 1662662287,
        "narHash": "sha256-8vM12brt6VP8MTQdu4jnLDpakpRTiLHbztazI+7SPYk=",
        "owner": "arcnmx",
        "repo": "qemucomm",
        "rev": "c922896daffc9079d05199aa943b12290d61c141",
        "type": "github"
      },
      "original": {
        "owner": "arcnmx",
        "repo": "qemucomm",
        "type": "github"
      }
    },
    "root": {
      "inputs": {
        "arc": "arc",
        "home-manager": "home-manager",
        "nixpkgs": "nixpkgs",
        "nixpkgs-big": "nixpkgs-big",
        "qemucomm": "qemucomm",
        "rust": "rust",
        "std": "std",
        "tf": "tf"
      }
    },
    "rust": {
      "flake": false,
      "locked": {
        "lastModified": 1662678365,
        "narHash": "sha256-DZZw8AF5IwdJKzhS31g2Euz145V3ojhdoPO3wnW1T6w=",
        "owner": "arcnmx",
        "repo": "nixexprs-rust",
        "rev": "7053424eeca83c0ff3771e93c03cdee56a19497f",
        "type": "github"
      },
      "original": {
        "owner": "arcnmx",
        "repo": "nixexprs-rust",
        "type": "github"
      }
    },
    "std": {
      "inputs": {
        "nix-std": "nix-std"
      },
      "locked": {
        "lastModified": 1660490336,
        "narHash": "sha256-8H3Fs+qcFKOitKlJ8w18wYUeLRa15Wh/A2y+GPkakzo=",
        "owner": "flakelib",
        "repo": "std",
        "rev": "06f979b3aaadb55a88ece01859bf6a76631ee0dc",
        "type": "github"
      },
      "original": {
        "owner": "flakelib",
        "repo": "std",
        "type": "github"
      }
    },
    "tf": {
      "flake": false,
      "locked": {
        "lastModified": 1663367102,
        "narHash": "sha256-gcUzQDyXogvQ0TSYX2lrKQ5D/3k76w/lmL6tNrnNwXk=",
        "owner": "arcnmx",
        "repo": "tf-nix",
        "rev": "133b92ea58c8c0cd7d02674013d67b54e169141f",
        "type": "github"
      },
      "original": {
        "owner": "arcnmx",
        "repo": "tf-nix",
        "type": "github"
      }
    },
    "utils": {
      "locked": {
        "lastModified": 1659877975,
        "narHash": "sha256-zllb8aq3YO3h8B/U0/J1WBgAL8EX5yWf5pMj3G0NAmc=",
        "owner": "numtide",
        "repo": "flake-utils",
        "rev": "c0e246b9b83f637f4681389ecabcb2681b4f3af0",
        "type": "github"
      },
      "original": {
        "owner": "numtide",
        "repo": "flake-utils",
        "type": "github"
      }
    }
  },
  "root": "root",
  "version": 7
}
